
Microsoft Visual Studio Solution File, Format Version 12.00
# Visual Studio Version 17
VisualStudioVersion = 17.8.34511.84
MinimumVisualStudioVersion = 10.0.40219.1
Project("{9A19103F-16F7-4668-BE54-9A1E7A4F7556}") = "AdventCalendarCSharp", "AdventCalendarCSharp.csproj", "{6B9DAAA4-E7CF-43D5-A9E2-C64BAE79FF05}"
EndProject
Project("{9A19103F-16F7-4668-BE54-9A1E7A4F7556}") = "TestAdventCalendarC#", "..\TestAdventCalendarC#\TestAdventCalendarC#.csproj", "{7705F5EF-8217-4357-835C-398E60E6425E}"
EndProject
Global
	GlobalSection(SolutionConfigurationPlatforms) = preSolution
		Debug|Any CPU = Debug|Any CPU
		Release|Any CPU = Release|Any CPU
	EndGlobalSection
	GlobalSection(ProjectConfigurationPlatforms) = postSolution
		{6B9DAAA4-E7CF-43D5-A9E2-C64BAE79FF05}.Debug|Any CPU.ActiveCfg = Debug|Any CPU
		{6B9DAAA4-E7CF-43D5-A9E2-C64BAE79FF05}.Debug|Any CPU.Build.0 = Debug|Any CPU
		{6B9DAAA4-E7CF-43D5-A9E2-C64BAE79FF05}.Release|Any CPU.ActiveCfg = Release|Any CPU
		{6B9DAAA4-E7CF-43D5-A9E2-C64BAE79FF05}.Release|Any CPU.Build.0 = Release|Any CPU
		{7705F5EF-8217-4357-835C-398E60E6425E}.Debug|Any CPU.ActiveCfg = Debug|Any CPU
		{7705F5EF-8217-4357-835C-398E60E6425E}.Debug|Any CPU.Build.0 = Debug|Any CPU
		{7705F5EF-8217-4357-835C-398E60E6425E}.Release|Any CPU.ActiveCfg = Release|Any CPU
		{7705F5EF-8217-4357-835C-398E60E6425E}.Release|Any CPU.Build.0 = Release|Any CPU
	EndGlobalSection
	GlobalSection(SolutionProperties) = preSolution
		HideSolutionNode = FALSE
	EndGlobalSection
	GlobalSection(ExtensibilityGlobals) = postSolution
		SolutionGuid = {D0FE2FCF-789E-41DE-AE10-C6D24759EC5E}
	EndGlobalSection
EndGlobal
